
Microsoft Visual Studio Solution File, Format Version 12.00
# Visual Studio Version 17
VisualStudioVersion = 17.6.33829.357
MinimumVisualStudioVersion = 10.0.40219.1
Project("{FAE04EC0-301F-11D3-BF4B-00C04F79EFBC}") = "SifreKontrolüÖdevi", "SifreKontrolüÖdevi\SifreKontrolüÖdevi.csproj", "{204A46B4-5B4C-42B1-907A-E2063E0D21D6}"
EndProject
Global
	GlobalSection(SolutionConfigurationPlatforms) = preSolution
		Debug|Any CPU = Debug|Any CPU
		Release|Any CPU = Release|Any CPU
	EndGlobalSection
	GlobalSection(ProjectConfigurationPlatforms) = postSolution
		{204A46B4-5B4C-42B1-907A-E2063E0D21D6}.Debug|Any CPU.ActiveCfg = Debug|Any CPU
		{204A46B4-5B4C-42B1-907A-E2063E0D21D6}.Debug|Any CPU.Build.0 = Debug|Any CPU
		{204A46B4-5B4C-42B1-907A-E2063E0D21D6}.Release|Any CPU.ActiveCfg = Release|Any CPU
		{204A46B4-5B4C-42B1-907A-E2063E0D21D6}.Release|Any CPU.Build.0 = Release|Any CPU
	EndGlobalSection
	GlobalSection(SolutionProperties) = preSolution
		HideSolutionNode = FALSE
	EndGlobalSection
	GlobalSection(ExtensibilityGlobals) = postSolution
		SolutionGuid = {CA9A34AE-2834-4738-B107-D78CB4241A48}
	EndGlobalSection
EndGlobal
